{
  "name": "supabase-migration-scripts",
  "version": "1.0.0",
  "lockfileVersion": 3,
  "requires": true,
  "packages": {
    "": {
      "name": "supabase-migration-scripts",
      "version": "1.0.0",
      "license": "MIT",
      "dependencies": {
        "@supabase/supabase-js": "^2.0.0",
        "csv-parser": "^3.0.0",
        "csv-writer": "^1.6.0"
      }
    },
    "node_modules/@supabase/auth-js": {
      "version": "2.75.0",
      "resolved": "https://registry.npmjs.org/@supabase/auth-js/-/auth-js-2.75.0.tgz",
      "integrity": "sha512-J8TkeqCOMCV4KwGKVoxmEBuDdHRwoInML2vJilthOo7awVCro2SM+tOcpljORwuBQ1vHUtV62Leit+5wlxrNtw==",
      "license": "MIT",
      "dependencies": {
        "@supabase/node-fetch": "2.6.15"
      }
    },
    "node_modules/@supabase/functions-js": {
      "version": "2.75.0",
      "resolved": "https://registry.npmjs.org/@supabase/functions-js/-/functions-js-2.75.0.tgz",
      "integrity": "sha512-18yk07Moj/xtQ28zkqswxDavXC3vbOwt1hDuYM3/7xPnwwpKnsmPyZ7bQ5th4uqiJzQ135t74La9tuaxBR6e7w==",
      "license": "MIT",
      "dependencies": {
        "@supabase/node-fetch": "2.6.15"
      }
    },
    "node_modules/@supabase/node-fetch": {
      "version": "2.6.15",
      "resolved": "https://registry.npmjs.org/@supabase/node-fetch/-/node-fetch-2.6.15.tgz",
      "integrity": "sha512-1ibVeYUacxWYi9i0cf5efil6adJ9WRyZBLivgjs+AUpewx1F3xPi7gLgaASI2SmIQxPoCEjAsLAzKPgMJVgOUQ==",
      "license": "MIT",
      "dependencies": {
        "whatwg-url": "^5.0.0"
      },
      "engines": {
        "node": "4.x || >=6.0.0"
      }
    },
    "node_modules/@supabase/postgrest-js": {
      "version": "2.75.0",
      "resolved": "https://registry.npmjs.org/@supabase/postgrest-js/-/postgrest-js-2.75.0.tgz",
      "integrity": "sha512-YfBz4W/z7eYCFyuvHhfjOTTzRrQIvsMG2bVwJAKEVVUqGdzqfvyidXssLBG0Fqlql1zJFgtsPpK1n4meHrI7tg==",
      "license": "MIT",
      "dependencies": {
        "@supabase/node-fetch": "2.6.15"
      }
    },
    "node_modules/@supabase/realtime-js": {
      "version": "2.75.0",
      "resolved": "https://registry.npmjs.org/@supabase/realtime-js/-/realtime-js-2.75.0.tgz",
      "integrity": "sha512-B4Xxsf2NHd5cEnM6MGswOSPSsZKljkYXpvzKKmNxoUmNQOfB7D8HOa6NwHcUBSlxcjV+vIrYKcYXtavGJqeGrw==",
      "license": "MIT",
      "dependencies": {
        "@supabase/node-fetch": "2.6.15",
        "@types/phoenix": "^1.6.6",
        "@types/ws": "^8.18.1",
        "ws": "^8.18.2"
      }
    },
    "node_modules/@supabase/storage-js": {
      "version": "2.75.0",
      "resolved": "https://registry.npmjs.org/@supabase/storage-js/-/storage-js-2.75.0.tgz",
      "integrity": "sha512-wpJMYdfFDckDiHQaTpK+Ib14N/O2o0AAWWhguKvmmMurB6Unx17GGmYp5rrrqCTf8S1qq4IfIxTXxS4hzrUySg==",
      "license": "MIT",
      "dependencies": {
        "@supabase/node-fetch": "2.6.15"
      }
    },
    "node_modules/@supabase/supabase-js": {
      "version": "2.75.0",
      "resolved": "https://registry.npmjs.org/@supabase/supabase-js/-/supabase-js-2.75.0.tgz",
      "integrity": "sha512-8UN/vATSgS2JFuJlMVr51L3eUDz+j1m7Ww63wlvHLKULzCDaVWYzvacCjBTLW/lX/vedI2LBI4Vg+01G9ufsJQ==",
      "license": "MIT",
      "dependencies": {
        "@supabase/auth-js": "2.75.0",
        "@supabase/functions-js": "2.75.0",
        "@supabase/node-fetch": "2.6.15",
        "@supabase/postgrest-js": "2.75.0",
        "@supabase/realtime-js": "2.75.0",
        "@supabase/storage-js": "2.75.0"
      }
    },
    "node_modules/@types/node": {
      "version": "24.7.1",
      "resolved": "https://registry.npmjs.org/@types/node/-/node-24.7.1.tgz",
      "integrity": "sha512-CmyhGZanP88uuC5GpWU9q+fI61j2SkhO3UGMUdfYRE6Bcy0ccyzn1Rqj9YAB/ZY4kOXmNf0ocah5GtphmLMP6Q==",
      "license": "MIT",
      "dependencies": {
        "undici-types": "~7.14.0"
      }
    },
    "node_modules/@types/phoenix": {
      "version": "1.6.6",
      "resolved": "https://registry.npmjs.org/@types/phoenix/-/phoenix-1.6.6.tgz",
      "integrity": "sha512-PIzZZlEppgrpoT2QgbnDU+MMzuR6BbCjllj0bM70lWoejMeNJAxCchxnv7J3XFkI8MpygtRpzXrIlmWUBclP5A==",
      "license": "MIT"
    },
    "node_modules/@types/ws": {
      "version": "8.18.1",
      "resolved": "https://registry.npmjs.org/@types/ws/-/ws-8.18.1.tgz",
      "integrity": "sha512-ThVF6DCVhA8kUGy+aazFQ4kXQ7E1Ty7A3ypFOe0IcJV8O/M511G99AW24irKrW56Wt44yG9+ij8FaqoBGkuBXg==",
      "license": "MIT",
      "dependencies": {
        "@types/node": "*"
      }
    },
    "node_modules/csv-parser": {
      "version": "3.2.0",
      "resolved": "https://registry.npmjs.org/csv-parser/-/csv-parser-3.2.0.tgz",
      "integrity": "sha512-fgKbp+AJbn1h2dcAHKIdKNSSjfp43BZZykXsCjzALjKy80VXQNHPFJ6T9Afwdzoj24aMkq8GwDS7KGcDPpejrA==",
      "license": "MIT",
      "bin": {
        "csv-parser": "bin/csv-parser"
      },
      "engines": {
        "node": ">= 10"
      }
    },
    "node_modules/csv-writer": {
      "version": "1.6.0",
      "resolved": "https://registry.npmjs.org/csv-writer/-/csv-writer-1.6.0.tgz",
      "integrity": "sha512-NOx7YDFWEsM/fTRAJjRpPp8t+MKRVvniAg9wQlUKx20MFrPs73WLJhFf5iteqrxNYnsy924K3Iroh3yNHeYd2g==",
      "license": "MIT"
    },
    "node_modules/tr46": {
      "version": "0.0.3",
      "resolved": "https://registry.npmjs.org/tr46/-/tr46-0.0.3.tgz",
      "integrity": "sha512-N3WMsuqV66lT30CrXNbEjx4GEwlow3v6rr4mCcv6prnfwhS01rkgyFdjPNBYd9br7LpXV1+Emh01fHnq2Gdgrw==",
      "license": "MIT"
    },
    "node_modules/undici-types": {
      "version": "7.14.0",
      "resolved": "https://registry.npmjs.org/undici-types/-/undici-types-7.14.0.tgz",
      "integrity": "sha512-QQiYxHuyZ9gQUIrmPo3IA+hUl4KYk8uSA7cHrcKd/l3p1OTpZcM0Tbp9x7FAtXdAYhlasd60ncPpgu6ihG6TOA==",
      "license": "MIT"
    },
    "node_modules/webidl-conversions": {
      "version": "3.0.1",
      "resolved": "https://registry.npmjs.org/webidl-conversions/-/webidl-conversions-3.0.1.tgz",
      "integrity": "sha512-2JAn3z8AR6rjK8Sm8orRC0h/bcl/DqL7tRPdGZ4I1CjdF+EaMLmYxBHyXuKL849eucPFhvBoxMsflfOb8kxaeQ==",
      "license": "BSD-2-Clause"
    },
    "node_modules/whatwg-url": {
      "version": "5.0.0",
      "resolved": "https://registry.npmjs.org/whatwg-url/-/whatwg-url-5.0.0.tgz",
      "integrity": "sha512-saE57nupxk6v3HY35+jzBwYa0rKSy0XR8JSxZPwgLr7ys0IBzhGviA1/TUGJLmSVqs8pb9AnvICXEuOHLprYTw==",
      "license": "MIT",
      "dependencies": {
        "tr46": "~0.0.3",
        "webidl-conversions": "^3.0.0"
      }
    },
    "node_modules/ws": {
      "version": "8.18.3",
      "resolved": "https://registry.npmjs.org/ws/-/ws-8.18.3.tgz",
      "integrity": "sha512-PEIGCY5tSlUt50cqyMXfCzX+oOPqN0vuGqWzbcJ2xvnkzkq46oOpz7dQaTDBdfICb4N14+GARUDw2XV2N4tvzg==",
      "license": "MIT",
      "engines": {
        "node": ">=10.0.0"
      },
      "peerDependencies": {
        "bufferutil": "^4.0.1",
        "utf-8-validate": ">=5.0.2"
      },
      "peerDependenciesMeta": {
        "bufferutil": {
          "optional": true
        },
        "utf-8-validate": {
          "optional": true
        }
      }
    }
  }
}
